// !$*UTF8*$!
{
	archiveVersion = 1;
	classes = {
	};
	objectVersion = 46;
	objects = {

/* Begin PBXBuildFile section */
		04A087A21AB01A8A00C5F75D /* AppDelegate.swift in Sources */ = {isa = PBXBuildFile; fileRef = 04A087A11AB01A8A00C5F75D /* AppDelegate.swift */; };
		04A087A41AB01A8A00C5F75D /* ViewController.swift in Sources */ = {isa = PBXBuildFile; fileRef = 04A087A31AB01A8A00C5F75D /* ViewController.swift */; };
		04A087A71AB01A8A00C5F75D /* Main.storyboard in Resources */ = {isa = PBXBuildFile; fileRef = 04A087A51AB01A8A00C5F75D /* Main.storyboard */; };
		04A087A91AB01A8A00C5F75D /* Images.xcassets in Resources */ = {isa = PBXBuildFile; fileRef = 04A087A81AB01A8A00C5F75D /* Images.xcassets */; };
		04A087AC1AB01A8A00C5F75D /* LaunchScreen.xib in Resources */ = {isa = PBXBuildFile; fileRef = 04A087AA1AB01A8A00C5F75D /* LaunchScreen.xib */; };
		04A087B81AB01A8A00C5F75D /* myTicTacToeTests.swift in Sources */ = {isa = PBXBuildFile; fileRef = 04A087B71AB01A8A00C5F75D /* myTicTacToeTests.swift */; };
/* End PBXBuildFile section */

/* Begin PBXContainerItemProxy section */
		04A087B21AB01A8A00C5F75D /* PBXContainerItemProxy */ = {
			isa = PBXContainerItemProxy;
			containerPortal = 04A087941AB01A8A00C5F75D /* Project object */;
			proxyType = 1;
			remoteGlobalIDString = 04A0879B1AB01A8A00C5F75D;
			remoteInfo = myTicTacToe;
		};
/* End PBXContainerItemProxy section */

/* Begin PBXFileReference section */
		04A0879C1AB01A8A00C5F75D /* myTicTacToe.app */ = {isa = PBXFileReference; explicitFileType = wrapper.application; includeInIndex = 0; path = myTicTacToe.app; sourceTree = BUILT_PRODUCTS_DIR; };
		04A087A01AB01A8A00C5F75D /* Info.plist */ = {isa = PBXFileReference; lastKnownFileType = text.plist.xml; path = Info.plist; sourceTree = "<group>"; };
		04A087A11AB01A8A00C5F75D /* AppDelegate.swift */ = {isa = PBXFileReference; lastKnownFileType = sourcecode.swift; path = AppDelegate.swift; sourceTree = "<group>"; };
		04A087A31AB01A8A00C5F75D /* ViewController.swift */ = {isa = PBXFileReference; lastKnownFileType = sourcecode.swift; path = ViewController.swift; sourceTree = "<group>"; };
		04A087A61AB01A8A00C5F75D /* Base */ = {isa = PBXFileReference; lastKnownFileType = file.storyboard; name = Base; path = Base.lproj/Main.storyboard; sourceTree = "<group>"; };
		04A087A81AB01A8A00C5F75D /* Images.xcassets */ = {isa = PBXFileReference; lastKnownFileType = folder.assetcatalog; path = Images.xcassets; sourceTree = "<group>"; };
		04A087AB1AB01A8A00C5F75D /* Base */ = {isa = PBXFileReference; lastKnownFileType = file.xib; name = Base; path = Base.lproj/LaunchScreen.xib; sourceTree = "<group>"; };
		04A087B11AB01A8A00C5F75D /* myTicTacToeTests.xctest */ = {isa = PBXFileReference; explicitFileType = wrapper.cfbundle; includeInIndex = 0; path = myTicTacToeTests.xctest; sourceTree = BUILT_PRODUCTS_DIR; };
		04A087B61AB01A8A00C5F75D /* Info.plist */ = {isa = PBXFileReference; lastKnownFileType = text.plist.xml; path = Info.plist; sourceTree = "<group>"; };
		04A087B71AB01A8A00C5F75D /* myTicTacToeTests.swift */ = {isa = PBXFileReference; lastKnownFileType = sourcecode.swift; path = myTicTacToeTests.swift; sourceTree = "<group>"; };
/* End PBXFileReference section */

/* Begin PBXFrameworksBuildPhase section */
		04A087991AB01A8A00C5F75D /* Frameworks */ = {
			isa = PBXFrameworksBuildPhase;
			buildActionMask = 2147483647;
			files = (
			);
			runOnlyForDeploymentPostprocessing = 0;
		};
		04A087AE1AB01A8A00C5F75D /* Frameworks */ = {
			isa = PBXFrameworksBuildPhase;
			buildActionMask = 2147483647;
			files = (
			);
			runOnlyForDeploymentPostprocessing = 0;
		};
/* End PBXFrameworksBuildPhase section */

/* Begin PBXGroup section */
		04A087931AB01A8A00C5F75D = {
			isa = PBXGroup;
			children = (
				04A0879E1AB01A8A00C5F75D /* myTicTacToe */,
				04A087B41AB01A8A00C5F75D /* myTicTacToeTests */,
				04A0879D1AB01A8A00C5F75D /* Products */,
			);
			sourceTree = "<group>";
		};
		04A0879D1AB01A8A00C5F75D /* Products */ = {
			isa = PBXGroup;
			children = (
				04A0879C1AB01A8A00C5F75D /* myTicTacToe.app */,
				04A087B11AB01A8A00C5F75D /* myTicTacToeTests.xctest */,
			);
			name = Products;
			sourceTree = "<group>";
		};
		04A0879E1AB01A8A00C5F75D /* myTicTacToe */ = {
			isa = PBXGroup;
			children = (
				04A087A11AB01A8A00C5F75D /* AppDelegate.swift */,
				04A087A31AB01A8A00C5F75D /* ViewController.swift */,
				04A087A51AB01A8A00C5F75D /* Main.storyboard */,
				04A087A81AB01A8A00C5F75D /* Images.xcassets */,
				04A087AA1AB01A8A00C5F75D /* LaunchScreen.xib */,
				04A0879F1AB01A8A00C5F75D /* Supporting Files */,
			);
			path = myTicTacToe;
			sourceTree = "<group>";
		};
		04A0879F1AB01A8A00C5F75D /* Supporting Files */ = {
			isa = PBXGroup;
			children = (
				04A087A01AB01A8A00C5F75D /* Info.plist */,
			);
			name = "Supporting Files";
			sourceTree = "<group>";
		};
		04A087B41AB01A8A00C5F75D /* myTicTacToeTests */ = {
			isa = PBXGroup;
			children = (
				04A087B71AB01A8A00C5F75D /* myTicTacToeTests.swift */,
				04A087B51AB01A8A00C5F75D /* Supporting Files */,
			);
			path = myTicTacToeTests;
			sourceTree = "<group>";
		};
		04A087B51AB01A8A00C5F75D /* Supporting Files */ = {
			isa = PBXGroup;
			children = (
				04A087B61AB01A8A00C5F75D /* Info.plist */,
			);
			name = "Supporting Files";
			sourceTree = "<group>";
		};
/* End PBXGroup section */

/* Begin PBXNativeTarget section */
		04A0879B1AB01A8A00C5F75D /* myTicTacToe */ = {
			isa = PBXNativeTarget;
			buildConfigurationList = 04A087BB1AB01A8A00C5F75D /* Build configuration list for PBXNativeTarget "myTicTacToe" */;
			buildPhases = (
				04A087981AB01A8A00C5F75D /* Sources */,
				04A087991AB01A8A00C5F75D /* Frameworks */,
				04A0879A1AB01A8A00C5F75D /* Resources */,
			);
			buildRules = (
			);
			dependencies = (
			);
			name = myTicTacToe;
			productName = myTicTacToe;
			productReference = 04A0879C1AB01A8A00C5F75D /* myTicTacToe.app */;
			productType = "com.apple.product-type.application";
		};
		04A087B01AB01A8A00C5F75D /* myTicTacToeTests */ = {
			isa = PBXNativeTarget;
			buildConfigurationList = 04A087BE1AB01A8A00C5F75D /* Build configuration list for PBXNativeTarget "myTicTacToeTests" */;
			buildPhases = (
				04A087AD1AB01A8A00C5F75D /* Sources */,
				04A087AE1AB01A8A00C5F75D /* Frameworks */,
				04A087AF1AB01A8A00C5F75D /* Resources */,
			);
			buildRules = (
			);
			dependencies = (
				04A087B31AB01A8A00C5F75D /* PBXTargetDependency */,
			);
			name = myTicTacToeTests;
			productName = myTicTacToeTests;
			productReference = 04A087B11AB01A8A00C5F75D /* myTicTacToeTests.xctest */;
			productType = "com.apple.product-type.bundle.unit-test";
		};
/* End PBXNativeTarget section */

/* Begin PBXProject section */
		04A087941AB01A8A00C5F75D /* Project object */ = {
			isa = PBXProject;
			attributes = {
				LastUpgradeCheck = 0610;
				ORGANIZATIONNAME = "郑虎";
				TargetAttributes = {
					04A0879B1AB01A8A00C5F75D = {
						CreatedOnToolsVersion = 6.1.1;
					};
					04A087B01AB01A8A00C5F75D = {
						CreatedOnToolsVersion = 6.1.1;
						TestTargetID = 04A0879B1AB01A8A00C5F75D;
					};
				};
			};
			buildConfigurationList = 04A087971AB01A8A00C5F75D /* Build configuration list for PBXProject "myTicTacToe" */;
			compatibilityVersion = "Xcode 3.2";
			developmentRegion = English;
			hasScannedForEncodings = 0;
			knownRegions = (
				en,
				Base,
			);
			mainGroup = 04A087931AB01A8A00C5F75D;
			productRefGroup = 04A0879D1AB01A8A00C5F75D /* Products */;
			projectDirPath = "";
			projectRoot = "";
			targets = (
				04A0879B1AB01A8A00C5F75D /* myTicTacToe */,
				04A087B01AB01A8A00C5F75D /* myTicTacToeTests */,
			);
		};
/* End PBXProject section */

/* Begin PBXResourcesBuildPhase section */
		04A0879A1AB01A8A00C5F75D /* Resources */ = {
			isa = PBXResourcesBuildPhase;
			buildActionMask = 2147483647;
			files = (
				04A087A71AB01A8A00C5F75D /* Main.storyboard in Resources */,
				04A087AC1AB01A8A00C5F75D /* LaunchScreen.xib in Resources */,
				04A087A91AB01A8A00C5F75D /* Images.xcassets in Resources */,
			);
			runOnlyForDeploymentPostprocessing = 0;
		};
		04A087AF1AB01A8A00C5F75D /* Resources */ = {
			isa = PBXResourcesBuildPhase;
			buildActionMask = 2147483647;
			files = (
			);
			runOnlyForDeploymentPostprocessing = 0;
		};
/* End PBXResourcesBuildPhase section */

/* Begin PBXSourcesBuildPhase section */
		04A087981AB01A8A00C5F75D /* Sources */ = {
			isa = PBXSourcesBuildPhase;
			buildActionMask = 2147483647;
			files = (
				04A087A41AB01A8A00C5F75D /* ViewController.swift in Sources */,
				04A087A21AB01A8A00C5F75D /* AppDelegate.swift in Sources */,
			);
			runOnlyForDeploymentPostprocessing = 0;
		};
		04A087AD1AB01A8A00C5F75D /* Sources */ = {
			isa = PBXSourcesBuildPhase;
			buildActionMask = 2147483647;
			files = (
				04A087B81AB01A8A00C5F75D /* myTicTacToeTests.swift in Sources */,
			);
			runOnlyForDeploymentPostprocessing = 0;
		};
/* End PBXSourcesBuildPhase section */

/* Begin PBXTargetDependency section */
		04A087B31AB01A8A00C5F75D /* PBXTargetDependency */ = {
			isa = PBXTargetDependency;
			target = 04A0879B1AB01A8A00C5F75D /* myTicTacToe */;
			targetProxy = 04A087B21AB01A8A00C5F75D /* PBXContainerItemProxy */;
		};
/* End PBXTargetDependency section */

/* Begin PBXVariantGroup section */
		04A087A51AB01A8A00C5F75D /* Main.storyboard */ = {
			isa = PBXVariantGroup;
			children = (
				04A087A61AB01A8A00C5F75D /* Base */,
			);
			name = Main.storyboard;
			sourceTree = "<group>";
		};
		04A087AA1AB01A8A00C5F75D /* LaunchScreen.xib */ = {
			isa = PBXVariantGroup;
			children = (
				04A087AB1AB01A8A00C5F75D /* Base */,
			);
			name = LaunchScreen.xib;
			sourceTree = "<group>";
		};
/* End PBXVariantGroup section */

/* Begin XCBuildConfiguration section */
		04A087B91AB01A8A00C5F75D /* Debug */ = {
			isa = XCBuildConfiguration;
			buildSettings = {
				ALWAYS_SEARCH_USER_PATHS = NO;
				CLANG_CXX_LANGUAGE_STANDARD = "gnu++0x";
				CLANG_CXX_LIBRARY = "libc++";
				CLANG_ENABLE_MODULES = YES;
				CLANG_ENABLE_OBJC_ARC = YES;
				CLANG_WARN_BOOL_CONVERSION = YES;
				CLANG_WARN_CONSTANT_CONVERSION = YES;
				CLANG_WARN_DIRECT_OBJC_ISA_USAGE = YES_ERROR;
				CLANG_WARN_EMPTY_BODY = YES;
				CLANG_WARN_ENUM_CONVERSION = YES;
				CLANG_WARN_INT_CONVERSION = YES;
				CLANG_WARN_OBJC_ROOT_CLASS = YES_ERROR;
				CLANG_WARN_UNREACHABLE_CODE = YES;
				CLANG_WARN__DUPLICATE_METHOD_MATCH = YES;
				"CODE_SIGN_IDENTITY[sdk=iphoneos*]" = "iPhone Developer";
				COPY_PHASE_STRIP = NO;
				ENABLE_STRICT_OBJC_MSGSEND = YES;
				GCC_C_LANGUAGE_STANDARD = gnu99;
				GCC_DYNAMIC_NO_PIC = NO;
				GCC_OPTIMIZATION_LEVEL = 0;
				GCC_PREPROCESSOR_DEFINITIONS = (
					"DEBUG=1",
					"$(inherited)",
				);
				GCC_SYMBOLS_PRIVATE_EXTERN = NO;
				GCC_WARN_64_TO_32_BIT_CONVERSION = YES;
				GCC_WARN_ABOUT_RETURN_TYPE = YES_ERROR;
				GCC_WARN_UNDECLARED_SELECTOR = YES;
				GCC_WARN_UNINITIALIZED_AUTOS = YES_AGGRESSIVE;
				GCC_WARN_UNUSED_FUNCTION = YES;
				GCC_WARN_UNUSED_VARIABLE = YES;
				IPHONEOS_DEPLOYMENT_TARGET = 8.1;
				MTL_ENABLE_DEBUG_INFO = YES;
				ONLY_ACTIVE_ARCH = YES;
				SDKROOT = iphoneos;
				SWIFT_OPTIMIZATION_LEVEL = "-Onone";
			};
			name = Debug;
		};
		04A087BA1AB01A8A00C5F75D /* Release */ = {
			isa = XCBuildConfiguration;
			buildSettings = {
				ALWAYS_SEARCH_USER_PATHS = NO;
				CLANG_CXX_LANGUAGE_STANDARD = "gnu++0x";
				CLANG_CXX_LIBRARY = "libc++";
				CLANG_ENABLE_MODULES = YES;
				CLANG_ENABLE_OBJC_ARC = YES;
				CLANG_WARN_BOOL_CONVERSION = YES;
				CLANG_WARN_CONSTANT_CONVERSION = YES;
				CLANG_WARN_DIRECT_OBJC_ISA_USAGE = YES_ERROR;
				CLANG_WARN_EMPTY_BODY = YES;
				CLANG_WARN_ENUM_CONVERSION = YES;
				CLANG_WARN_INT_CONVERSION = YES;
				CLANG_WARN_OBJC_ROOT_CLASS = YES_ERROR;
				CLANG_WARN_UNREACHABLE_CODE = YES;
				CLANG_WARN__DUPLICATE_METHOD_MATCH = YES;
				"CODE_SIGN_IDENTITY[sdk=iphoneos*]" = "iPhone Developer";
				COPY_PHASE_STRIP = YES;
				ENABLE_NS_ASSERTIONS = NO;
				ENABLE_STRICT_OBJC_MSGSEND = YES;
				GCC_C_LANGUAGE_STANDARD = gnu99;
				GCC_WARN_64_TO_32_BIT_CONVERSION = YES;
				GCC_WARN_ABOUT_RETURN_TYPE = YES_ERROR;
				GCC_WARN_UNDECLARED_SELECTOR = YES;
				GCC_WARN_UNINITIALIZED_AUTOS = YES_AGGRESSIVE;
				GCC_WARN_UNUSED_FUNCTION = YES;
				GCC_WARN_UNUSED_VARIABLE = YES;
				IPHONEOS_DEPLOYMENT_TARGET = 8.1;
				MTL_ENABLE_DEBUG_INFO = NO;
				SDKROOT = iphoneos;
				VALIDATE_PRODUCT = YES;
			};
			name = Release;
		};
		04A087BC1AB01A8A00C5F75D /* Debug */ = {
			isa = XCBuildConfiguration;
			buildSettings = {
				ASSETCATALOG_COMPILER_APPICON_NAME = AppIcon;
				INFOPLIST_FILE = myTicTacToe/Info.plist;
				LD_RUNPATH_SEARCH_PATHS = "$(inherited) @executable_path/Frameworks";
				PRODUCT_NAME = "$(TARGET_NAME)";
			};
			name = Debug;
		};
		04A087BD1AB01A8A00C5F75D /* Release */ = {
			isa = XCBuildConfiguration;
			buildSettings = {
				ASSETCATALOG_COMPILER_APPICON_NAME = AppIcon;
				INFOPLIST_FILE = myTicTacToe/Info.plist;
				LD_RUNPATH_SEARCH_PATHS = "$(inherited) @executable_path/Frameworks";
				PRODUCT_NAME = "$(TARGET_NAME)";
			};
			name = Release;
		};
		04A087BF1AB01A8A00C5F75D /* Debug */ = {
			isa = XCBuildConfiguration;
			buildSettings = {
				BUNDLE_LOADER = "$(TEST_HOST)";
				FRAMEWORK_SEARCH_PATHS = (
					"$(SDKROOT)/Developer/Library/Frameworks",
					"$(inherited)",
				);
				GCC_PREPROCESSOR_DEFINITIONS = (
					"DEBUG=1",
					"$(inherited)",
				);
				INFOPLIST_FILE = myTicTacToeTests/Info.plist;
				LD_RUNPATH_SEARCH_PATHS = "$(inherited) @executable_path/Frameworks @loader_path/Frameworks";
				PRODUCT_NAME = "$(TARGET_NAME)";
				TEST_HOST = "$(BUILT_PRODUCTS_DIR)/myTicTacToe.app/myTicTacToe";
			};
			name = Debug;
		};
		04A087C01AB01A8A00C5F75D /* Release */ = {
			isa = XCBuildConfiguration;
			buildSettings = {
				BUNDLE_LOADER = "$(TEST_HOST)";
				FRAMEWORK_SEARCH_PATHS = (
					"$(SDKROOT)/Developer/Library/Frameworks",
					"$(inherited)",
				);
				INFOPLIST_FILE = myTicTacToeTests/Info.plist;
				LD_RUNPATH_SEARCH_PATHS = "$(inherited) @executable_path/Frameworks @loader_path/Frameworks";
				PRODUCT_NAME = "$(TARGET_NAME)";
				TEST_HOST = "$(BUILT_PRODUCTS_DIR)/myTicTacToe.app/myTicTacToe";
			};
			name = Release;
		};
/* End XCBuildConfiguration section */

/* Begin XCConfigurationList section */
		04A087971AB01A8A00C5F75D /* Build configuration list for PBXProject "myTicTacToe" */ = {
			isa = XCConfigurationList;
			buildConfigurations = (
				04A087B91AB01A8A00C5F75D /* Debug */,
				04A087BA1AB01A8A00C5F75D /* Release */,
			);
			defaultConfigurationIsVisible = 0;
			defaultConfigurationName = Release;
		};
		04A087BB1AB01A8A00C5F75D /* Build configuration list for PBXNativeTarget "myTicTacToe" */ = {
			isa = XCConfigurationList;
			buildConfigurations = (
				04A087BC1AB01A8A00C5F75D /* Debug */,
				04A087BD1AB01A8A00C5F75D /* Release */,
			);
			defaultConfigurationIsVisible = 0;
		};
		04A087BE1AB01A8A00C5F75D /* Build configuration list for PBXNativeTarget "myTicTacToeTests" */ = {
			isa = XCConfigurationList;
			buildConfigurations = (
				04A087BF1AB01A8A00C5F75D /* Debug */,
				04A087C01AB01A8A00C5F75D /* Release */,
			);
			defaultConfigurationIsVisible = 0;
		};
/* End XCConfigurationList section */
	};
	rootObject = 04A087941AB01A8A00C5F75D /* Project object */;
}
